
Microsoft Visual Studio Solution File, Format Version 12.00
# Visual Studio 15
VisualStudioVersion = 15.0.27428.2005
MinimumVisualStudioVersion = 10.0.40219.1
Project("{9A19103F-16F7-4668-BE54-9A1E7A4F7556}") = "PathFinding", "PathFinding\PathFinding.csproj", "{CBDE13E9-A5B2-4E51-A9DF-DD79A9745A38}"
EndProject
Project("{FAE04EC0-301F-11D3-BF4B-00C04F79EFBC}") = "Test", "Test\Test.csproj", "{A894FABC-F333-464D-8722-1F2764F8A375}"
EndProject
Global
	GlobalSection(SolutionConfigurationPlatforms) = preSolution
		Debug|Any CPU = Debug|Any CPU
		Release|Any CPU = Release|Any CPU
	EndGlobalSection
	GlobalSection(ProjectConfigurationPlatforms) = postSolution
		{CBDE13E9-A5B2-4E51-A9DF-DD79A9745A38}.Debug|Any CPU.ActiveCfg = Debug|Any CPU
		{CBDE13E9-A5B2-4E51-A9DF-DD79A9745A38}.Debug|Any CPU.Build.0 = Debug|Any CPU
		{CBDE13E9-A5B2-4E51-A9DF-DD79A9745A38}.Release|Any CPU.ActiveCfg = Release|Any CPU
		{CBDE13E9-A5B2-4E51-A9DF-DD79A9745A38}.Release|Any CPU.Build.0 = Release|Any CPU
		{A894FABC-F333-464D-8722-1F2764F8A375}.Debug|Any CPU.ActiveCfg = Debug|Any CPU
		{A894FABC-F333-464D-8722-1F2764F8A375}.Debug|Any CPU.Build.0 = Debug|Any CPU
		{A894FABC-F333-464D-8722-1F2764F8A375}.Release|Any CPU.ActiveCfg = Release|Any CPU
		{A894FABC-F333-464D-8722-1F2764F8A375}.Release|Any CPU.Build.0 = Release|Any CPU
	EndGlobalSection
	GlobalSection(SolutionProperties) = preSolution
		HideSolutionNode = FALSE
	EndGlobalSection
	GlobalSection(ExtensibilityGlobals) = postSolution
		SolutionGuid = {9B2E088E-FF22-4F20-8EF2-F0BE7C710387}
	EndGlobalSection
EndGlobal
