
Microsoft Visual Studio Solution File, Format Version 12.00
# Visual Studio Version 17
VisualStudioVersion = 17.0.31903.59
MinimumVisualStudioVersion = 10.0.40219.1
Project("{FAE04EC0-301F-11D3-BF4B-00C04F79EFBC}") = "TestPathFinding", "TestPathFinding\TestPathFinding.csproj", "{86D1A685-6DFE-47BC-9826-37D7C80B5105}"
EndProject
Project("{FAE04EC0-301F-11D3-BF4B-00C04F79EFBC}") = "TestDecisionTrees", "TestDecisionTrees\TestDecisionTrees.csproj", "{F582EFC2-ECA1-48BF-9EB2-D9A804C42303}"
EndProject
Project("{FAE04EC0-301F-11D3-BF4B-00C04F79EFBC}") = "TestFSMs", "TestFSMs\TestFSMs.csproj", "{CA9F8EAB-AC84-4C55-8CF0-ED77B57CE8C1}"
EndProject
Project("{FAE04EC0-301F-11D3-BF4B-00C04F79EFBC}") = "TestNaiveBayes", "TestNaiveBayes\TestNaiveBayes.csproj", "{5E969380-EEBA-4992-9002-58E331A0F700}"
EndProject
Project("{FAE04EC0-301F-11D3-BF4B-00C04F79EFBC}") = "TestNGrams", "TestNGrams\TestNGrams.csproj", "{BD189935-4013-40D0-9736-A4878C576443}"
EndProject
Project("{FAE04EC0-301F-11D3-BF4B-00C04F79EFBC}") = "TestPCG", "TestPCG\TestPCG.csproj", "{1E4D4E42-9BE3-4B6E-AC8E-E8DA709FC326}"
EndProject
Project("{FAE04EC0-301F-11D3-BF4B-00C04F79EFBC}") = "TestPRNGs", "TestPRNGs\TestPRNGs.csproj", "{310C68A4-F794-45A7-A60E-31B48D368D59}"
EndProject
Project("{FAE04EC0-301F-11D3-BF4B-00C04F79EFBC}") = "TestQRNGs", "TestQRNGs\TestQRNGs.csproj", "{C755D350-75BB-4A5B-B702-DF11024A6F82}"
EndProject
Project("{FAE04EC0-301F-11D3-BF4B-00C04F79EFBC}") = "TestUtil", "TestUtil\TestUtil.csproj", "{7A9871F1-5C09-48E6-AD89-4F2415560535}"
EndProject
Global
	GlobalSection(SolutionConfigurationPlatforms) = preSolution
		Debug|Any CPU = Debug|Any CPU
		Release|Any CPU = Release|Any CPU
	EndGlobalSection
	GlobalSection(SolutionProperties) = preSolution
		HideSolutionNode = FALSE
	EndGlobalSection
	GlobalSection(ProjectConfigurationPlatforms) = postSolution
		{86D1A685-6DFE-47BC-9826-37D7C80B5105}.Debug|Any CPU.ActiveCfg = Debug|Any CPU
		{86D1A685-6DFE-47BC-9826-37D7C80B5105}.Debug|Any CPU.Build.0 = Debug|Any CPU
		{86D1A685-6DFE-47BC-9826-37D7C80B5105}.Release|Any CPU.ActiveCfg = Release|Any CPU
		{86D1A685-6DFE-47BC-9826-37D7C80B5105}.Release|Any CPU.Build.0 = Release|Any CPU
		{F582EFC2-ECA1-48BF-9EB2-D9A804C42303}.Debug|Any CPU.ActiveCfg = Debug|Any CPU
		{F582EFC2-ECA1-48BF-9EB2-D9A804C42303}.Debug|Any CPU.Build.0 = Debug|Any CPU
		{F582EFC2-ECA1-48BF-9EB2-D9A804C42303}.Release|Any CPU.ActiveCfg = Release|Any CPU
		{F582EFC2-ECA1-48BF-9EB2-D9A804C42303}.Release|Any CPU.Build.0 = Release|Any CPU
		{CA9F8EAB-AC84-4C55-8CF0-ED77B57CE8C1}.Debug|Any CPU.ActiveCfg = Debug|Any CPU
		{CA9F8EAB-AC84-4C55-8CF0-ED77B57CE8C1}.Debug|Any CPU.Build.0 = Debug|Any CPU
		{CA9F8EAB-AC84-4C55-8CF0-ED77B57CE8C1}.Release|Any CPU.ActiveCfg = Release|Any CPU
		{CA9F8EAB-AC84-4C55-8CF0-ED77B57CE8C1}.Release|Any CPU.Build.0 = Release|Any CPU
		{5E969380-EEBA-4992-9002-58E331A0F700}.Debug|Any CPU.ActiveCfg = Debug|Any CPU
		{5E969380-EEBA-4992-9002-58E331A0F700}.Debug|Any CPU.Build.0 = Debug|Any CPU
		{5E969380-EEBA-4992-9002-58E331A0F700}.Release|Any CPU.ActiveCfg = Release|Any CPU
		{5E969380-EEBA-4992-9002-58E331A0F700}.Release|Any CPU.Build.0 = Release|Any CPU
		{BD189935-4013-40D0-9736-A4878C576443}.Debug|Any CPU.ActiveCfg = Debug|Any CPU
		{BD189935-4013-40D0-9736-A4878C576443}.Debug|Any CPU.Build.0 = Debug|Any CPU
		{BD189935-4013-40D0-9736-A4878C576443}.Release|Any CPU.ActiveCfg = Release|Any CPU
		{BD189935-4013-40D0-9736-A4878C576443}.Release|Any CPU.Build.0 = Release|Any CPU
		{1E4D4E42-9BE3-4B6E-AC8E-E8DA709FC326}.Debug|Any CPU.ActiveCfg = Debug|Any CPU
		{1E4D4E42-9BE3-4B6E-AC8E-E8DA709FC326}.Debug|Any CPU.Build.0 = Debug|Any CPU
		{1E4D4E42-9BE3-4B6E-AC8E-E8DA709FC326}.Release|Any CPU.ActiveCfg = Release|Any CPU
		{1E4D4E42-9BE3-4B6E-AC8E-E8DA709FC326}.Release|Any CPU.Build.0 = Release|Any CPU
		{310C68A4-F794-45A7-A60E-31B48D368D59}.Debug|Any CPU.ActiveCfg = Debug|Any CPU
		{310C68A4-F794-45A7-A60E-31B48D368D59}.Debug|Any CPU.Build.0 = Debug|Any CPU
		{310C68A4-F794-45A7-A60E-31B48D368D59}.Release|Any CPU.ActiveCfg = Release|Any CPU
		{310C68A4-F794-45A7-A60E-31B48D368D59}.Release|Any CPU.Build.0 = Release|Any CPU
		{C755D350-75BB-4A5B-B702-DF11024A6F82}.Debug|Any CPU.ActiveCfg = Debug|Any CPU
		{C755D350-75BB-4A5B-B702-DF11024A6F82}.Debug|Any CPU.Build.0 = Debug|Any CPU
		{C755D350-75BB-4A5B-B702-DF11024A6F82}.Release|Any CPU.ActiveCfg = Release|Any CPU
		{C755D350-75BB-4A5B-B702-DF11024A6F82}.Release|Any CPU.Build.0 = Release|Any CPU
		{7A9871F1-5C09-48E6-AD89-4F2415560535}.Debug|Any CPU.ActiveCfg = Debug|Any CPU
		{7A9871F1-5C09-48E6-AD89-4F2415560535}.Debug|Any CPU.Build.0 = Debug|Any CPU
		{7A9871F1-5C09-48E6-AD89-4F2415560535}.Release|Any CPU.ActiveCfg = Release|Any CPU
		{7A9871F1-5C09-48E6-AD89-4F2415560535}.Release|Any CPU.Build.0 = Release|Any CPU
	EndGlobalSection
EndGlobal
